
Microsoft Visual Studio Solution File, Format Version 12.00
# Visual Studio Version 16
VisualStudioVersion = 16.0.31702.278
MinimumVisualStudioVersion = 10.0.40219.1
Project("{FAE04EC0-301F-11D3-BF4B-00C04F79EFBC}") = "Haskap.BasicRuleEngine", "Haskap.BasicRuleEngine\Haskap.BasicRuleEngine.csproj", "{524AF7E7-90D5-4086-B48A-4EEC2C85BA32}"
EndProject
Project("{FAE04EC0-301F-11D3-BF4B-00C04F79EFBC}") = "TestConsoleApp", "TestConsoleApp\TestConsoleApp.csproj", "{5276A770-C6B1-4940-A29E-5D63985AFECC}"
EndProject
Global
	GlobalSection(SolutionConfigurationPlatforms) = preSolution
		Debug|Any CPU = Debug|Any CPU
		Release|Any CPU = Release|Any CPU
	EndGlobalSection
	GlobalSection(ProjectConfigurationPlatforms) = postSolution
		{524AF7E7-90D5-4086-B48A-4EEC2C85BA32}.Debug|Any CPU.ActiveCfg = Debug|Any CPU
		{524AF7E7-90D5-4086-B48A-4EEC2C85BA32}.Debug|Any CPU.Build.0 = Debug|Any CPU
		{524AF7E7-90D5-4086-B48A-4EEC2C85BA32}.Release|Any CPU.ActiveCfg = Release|Any CPU
		{524AF7E7-90D5-4086-B48A-4EEC2C85BA32}.Release|Any CPU.Build.0 = Release|Any CPU
		{5276A770-C6B1-4940-A29E-5D63985AFECC}.Debug|Any CPU.ActiveCfg = Debug|Any CPU
		{5276A770-C6B1-4940-A29E-5D63985AFECC}.Debug|Any CPU.Build.0 = Debug|Any CPU
		{5276A770-C6B1-4940-A29E-5D63985AFECC}.Release|Any CPU.ActiveCfg = Release|Any CPU
		{5276A770-C6B1-4940-A29E-5D63985AFECC}.Release|Any CPU.Build.0 = Release|Any CPU
	EndGlobalSection
	GlobalSection(SolutionProperties) = preSolution
		HideSolutionNode = FALSE
	EndGlobalSection
	GlobalSection(ExtensibilityGlobals) = postSolution
		SolutionGuid = {06553024-B60F-4AB7-AD7B-B4B1ED6252F0}
	EndGlobalSection
EndGlobal
